<?xml version="1.0" encoding="UTF-8"?>
<CodeBlocks_project_file>
	<FileVersion major="1" minor="6"/>
	<Project>
		<Option title="practica2"/>
		<Option makefile_is_custom="1"/>
		<Option compiler="gcc"/>
		<Option virtualFolders="CMake Files\;"/>
		<Build>
			<Target title="all">
				<Option working_dir="/home/alquitran/Documents/Clase/23-24/NOTES23-24/ED/ClasesPracticas/ED_Kualqui/TDA_Imagen/codigo"/>
				<Option type="4"/>
				<MakeCommands>
					<Build command="/usr/bin/gmake -f &quot;/home/alquitran/Documents/Clase/23-24/NOTES23-24/ED/ClasesPracticas/ED_Kualqui/TDA_Imagen/codigo/Makefile&quot;  VERBOSE=1 all"/>
					<CompileFile command="/usr/bin/gmake -f &quot;/home/alquitran/Documents/Clase/23-24/NOTES23-24/ED/ClasesPracticas/ED_Kualqui/TDA_Imagen/codigo/Makefile&quot;  VERBOSE=1 &quot;$file&quot;"/>
					<Clean command="/usr/bin/gmake -f &quot;/home/alquitran/Documents/Clase/23-24/NOTES23-24/ED/ClasesPracticas/ED_Kualqui/TDA_Imagen/codigo/Makefile&quot;  VERBOSE=1 clean"/>
					<DistClean command="/usr/bin/gmake -f &quot;/home/alquitran/Documents/Clase/23-24/NOTES23-24/ED/ClasesPracticas/ED_Kualqui/TDA_Imagen/codigo/Makefile&quot;  VERBOSE=1 clean"/>
				</MakeCommands>
			</Target>
			<Target title="image">
				<Option output="/home/alquitran/Documents/Clase/23-24/NOTES23-24/ED/ClasesPracticas/ED_Kualqui/TDA_Imagen/codigo/libimage.a" prefix_auto="0" extension_auto="0"/>
				<Option working_dir="/home/alquitran/Documents/Clase/23-24/NOTES23-24/ED/ClasesPracticas/ED_Kualqui/TDA_Imagen/codigo"/>
				<Option object_output="./"/>
				<Option type="2"/>
				<Option compiler="gcc"/>
				<Compiler>
					<Add directory="/home/alquitran/Documents/Clase/23-24/NOTES23-24/ED/ClasesPracticas/ED_Kualqui/TDA_Imagen/codigo/estudiante/include"/>
				</Compiler>
				<MakeCommands>
					<Build command="/usr/bin/gmake -f &quot;/home/alquitran/Documents/Clase/23-24/NOTES23-24/ED/ClasesPracticas/ED_Kualqui/TDA_Imagen/codigo/Makefile&quot;  VERBOSE=1 image"/>
					<CompileFile command="/usr/bin/gmake -f &quot;/home/alquitran/Documents/Clase/23-24/NOTES23-24/ED/ClasesPracticas/ED_Kualqui/TDA_Imagen/codigo/Makefile&quot;  VERBOSE=1 &quot;$file&quot;"/>
					<Clean command="/usr/bin/gmake -f &quot;/home/alquitran/Documents/Clase/23-24/NOTES23-24/ED/ClasesPracticas/ED_Kualqui/TDA_Imagen/codigo/Makefile&quot;  VERBOSE=1 clean"/>
					<DistClean command="/usr/bin/gmake -f &quot;/home/alquitran/Documents/Clase/23-24/NOTES23-24/ED/ClasesPracticas/ED_Kualqui/TDA_Imagen/codigo/Makefile&quot;  VERBOSE=1 clean"/>
				</MakeCommands>
			</Target>
			<Target title="image/fast">
				<Option output="/home/alquitran/Documents/Clase/23-24/NOTES23-24/ED/ClasesPracticas/ED_Kualqui/TDA_Imagen/codigo/libimage.a" prefix_auto="0" extension_auto="0"/>
				<Option working_dir="/home/alquitran/Documents/Clase/23-24/NOTES23-24/ED/ClasesPracticas/ED_Kualqui/TDA_Imagen/codigo"/>
				<Option object_output="./"/>
				<Option type="2"/>
				<Option compiler="gcc"/>
				<Compiler>
					<Add directory="/home/alquitran/Documents/Clase/23-24/NOTES23-24/ED/ClasesPracticas/ED_Kualqui/TDA_Imagen/codigo/estudiante/include"/>
				</Compiler>
				<MakeCommands>
					<Build command="/usr/bin/gmake -f &quot;/home/alquitran/Documents/Clase/23-24/NOTES23-24/ED/ClasesPracticas/ED_Kualqui/TDA_Imagen/codigo/Makefile&quot;  VERBOSE=1 image/fast"/>
					<CompileFile command="/usr/bin/gmake -f &quot;/home/alquitran/Documents/Clase/23-24/NOTES23-24/ED/ClasesPracticas/ED_Kualqui/TDA_Imagen/codigo/Makefile&quot;  VERBOSE=1 &quot;$file&quot;"/>
					<Clean command="/usr/bin/gmake -f &quot;/home/alquitran/Documents/Clase/23-24/NOTES23-24/ED/ClasesPracticas/ED_Kualqui/TDA_Imagen/codigo/Makefile&quot;  VERBOSE=1 clean"/>
					<DistClean command="/usr/bin/gmake -f &quot;/home/alquitran/Documents/Clase/23-24/NOTES23-24/ED/ClasesPracticas/ED_Kualqui/TDA_Imagen/codigo/Makefile&quot;  VERBOSE=1 clean"/>
				</MakeCommands>
			</Target>
			<Target title="negativo">
				<Option output="/home/alquitran/Documents/Clase/23-24/NOTES23-24/ED/ClasesPracticas/ED_Kualqui/TDA_Imagen/codigo/negativo" prefix_auto="0" extension_auto="0"/>
				<Option working_dir="/home/alquitran/Documents/Clase/23-24/NOTES23-24/ED/ClasesPracticas/ED_Kualqui/TDA_Imagen/codigo"/>
				<Option object_output="./"/>
				<Option type="1"/>
				<Option compiler="gcc"/>
				<Compiler>
					<Add directory="/home/alquitran/Documents/Clase/23-24/NOTES23-24/ED/ClasesPracticas/ED_Kualqui/TDA_Imagen/codigo/estudiante/include"/>
				</Compiler>
				<MakeCommands>
					<Build command="/usr/bin/gmake -f &quot;/home/alquitran/Documents/Clase/23-24/NOTES23-24/ED/ClasesPracticas/ED_Kualqui/TDA_Imagen/codigo/Makefile&quot;  VERBOSE=1 negativo"/>
					<CompileFile command="/usr/bin/gmake -f &quot;/home/alquitran/Documents/Clase/23-24/NOTES23-24/ED/ClasesPracticas/ED_Kualqui/TDA_Imagen/codigo/Makefile&quot;  VERBOSE=1 &quot;$file&quot;"/>
					<Clean command="/usr/bin/gmake -f &quot;/home/alquitran/Documents/Clase/23-24/NOTES23-24/ED/ClasesPracticas/ED_Kualqui/TDA_Imagen/codigo/Makefile&quot;  VERBOSE=1 clean"/>
					<DistClean command="/usr/bin/gmake -f &quot;/home/alquitran/Documents/Clase/23-24/NOTES23-24/ED/ClasesPracticas/ED_Kualqui/TDA_Imagen/codigo/Makefile&quot;  VERBOSE=1 clean"/>
				</MakeCommands>
			</Target>
			<Target title="negativo/fast">
				<Option output="/home/alquitran/Documents/Clase/23-24/NOTES23-24/ED/ClasesPracticas/ED_Kualqui/TDA_Imagen/codigo/negativo" prefix_auto="0" extension_auto="0"/>
				<Option working_dir="/home/alquitran/Documents/Clase/23-24/NOTES23-24/ED/ClasesPracticas/ED_Kualqui/TDA_Imagen/codigo"/>
				<Option object_output="./"/>
				<Option type="1"/>
				<Option compiler="gcc"/>
				<Compiler>
					<Add directory="/home/alquitran/Documents/Clase/23-24/NOTES23-24/ED/ClasesPracticas/ED_Kualqui/TDA_Imagen/codigo/estudiante/include"/>
				</Compiler>
				<MakeCommands>
					<Build command="/usr/bin/gmake -f &quot;/home/alquitran/Documents/Clase/23-24/NOTES23-24/ED/ClasesPracticas/ED_Kualqui/TDA_Imagen/codigo/Makefile&quot;  VERBOSE=1 negativo/fast"/>
					<CompileFile command="/usr/bin/gmake -f &quot;/home/alquitran/Documents/Clase/23-24/NOTES23-24/ED/ClasesPracticas/ED_Kualqui/TDA_Imagen/codigo/Makefile&quot;  VERBOSE=1 &quot;$file&quot;"/>
					<Clean command="/usr/bin/gmake -f &quot;/home/alquitran/Documents/Clase/23-24/NOTES23-24/ED/ClasesPracticas/ED_Kualqui/TDA_Imagen/codigo/Makefile&quot;  VERBOSE=1 clean"/>
					<DistClean command="/usr/bin/gmake -f &quot;/home/alquitran/Documents/Clase/23-24/NOTES23-24/ED/ClasesPracticas/ED_Kualqui/TDA_Imagen/codigo/Makefile&quot;  VERBOSE=1 clean"/>
				</MakeCommands>
			</Target>
			<Target title="doc_doxygen">
				<Option working_dir="/home/alquitran/Documents/Clase/23-24/NOTES23-24/ED/ClasesPracticas/ED_Kualqui/TDA_Imagen/codigo"/>
				<Option type="4"/>
				<MakeCommands>
					<Build command="/usr/bin/gmake -f &quot;/home/alquitran/Documents/Clase/23-24/NOTES23-24/ED/ClasesPracticas/ED_Kualqui/TDA_Imagen/codigo/Makefile&quot;  VERBOSE=1 doc_doxygen"/>
					<CompileFile command="/usr/bin/gmake -f &quot;/home/alquitran/Documents/Clase/23-24/NOTES23-24/ED/ClasesPracticas/ED_Kualqui/TDA_Imagen/codigo/Makefile&quot;  VERBOSE=1 &quot;$file&quot;"/>
					<Clean command="/usr/bin/gmake -f &quot;/home/alquitran/Documents/Clase/23-24/NOTES23-24/ED/ClasesPracticas/ED_Kualqui/TDA_Imagen/codigo/Makefile&quot;  VERBOSE=1 clean"/>
					<DistClean command="/usr/bin/gmake -f &quot;/home/alquitran/Documents/Clase/23-24/NOTES23-24/ED/ClasesPracticas/ED_Kualqui/TDA_Imagen/codigo/Makefile&quot;  VERBOSE=1 clean"/>
				</MakeCommands>
			</Target>
			<Target title="edit_cache">
				<Option working_dir="/home/alquitran/Documents/Clase/23-24/NOTES23-24/ED/ClasesPracticas/ED_Kualqui/TDA_Imagen/codigo"/>
				<Option type="4"/>
				<MakeCommands>
					<Build command="/usr/bin/gmake -f &quot;/home/alquitran/Documents/Clase/23-24/NOTES23-24/ED/ClasesPracticas/ED_Kualqui/TDA_Imagen/codigo/Makefile&quot;  VERBOSE=1 edit_cache"/>
					<CompileFile command="/usr/bin/gmake -f &quot;/home/alquitran/Documents/Clase/23-24/NOTES23-24/ED/ClasesPracticas/ED_Kualqui/TDA_Imagen/codigo/Makefile&quot;  VERBOSE=1 &quot;$file&quot;"/>
					<Clean command="/usr/bin/gmake -f &quot;/home/alquitran/Documents/Clase/23-24/NOTES23-24/ED/ClasesPracticas/ED_Kualqui/TDA_Imagen/codigo/Makefile&quot;  VERBOSE=1 clean"/>
					<DistClean command="/usr/bin/gmake -f &quot;/home/alquitran/Documents/Clase/23-24/NOTES23-24/ED/ClasesPracticas/ED_Kualqui/TDA_Imagen/codigo/Makefile&quot;  VERBOSE=1 clean"/>
				</MakeCommands>
			</Target>
			<Target title="rebuild_cache">
				<Option working_dir="/home/alquitran/Documents/Clase/23-24/NOTES23-24/ED/ClasesPracticas/ED_Kualqui/TDA_Imagen/codigo"/>
				<Option type="4"/>
				<MakeCommands>
					<Build command="/usr/bin/gmake -f &quot;/home/alquitran/Documents/Clase/23-24/NOTES23-24/ED/ClasesPracticas/ED_Kualqui/TDA_Imagen/codigo/Makefile&quot;  VERBOSE=1 rebuild_cache"/>
					<CompileFile command="/usr/bin/gmake -f &quot;/home/alquitran/Documents/Clase/23-24/NOTES23-24/ED/ClasesPracticas/ED_Kualqui/TDA_Imagen/codigo/Makefile&quot;  VERBOSE=1 &quot;$file&quot;"/>
					<Clean command="/usr/bin/gmake -f &quot;/home/alquitran/Documents/Clase/23-24/NOTES23-24/ED/ClasesPracticas/ED_Kualqui/TDA_Imagen/codigo/Makefile&quot;  VERBOSE=1 clean"/>
					<DistClean command="/usr/bin/gmake -f &quot;/home/alquitran/Documents/Clase/23-24/NOTES23-24/ED/ClasesPracticas/ED_Kualqui/TDA_Imagen/codigo/Makefile&quot;  VERBOSE=1 clean"/>
				</MakeCommands>
			</Target>
		</Build>
		<Unit filename="/home/alquitran/Documents/Clase/23-24/NOTES23-24/ED/ClasesPracticas/ED_Kualqui/TDA_Imagen/codigo/estudiante/src/image.cpp">
			<Option target="image"/>
		</Unit>
		<Unit filename="/home/alquitran/Documents/Clase/23-24/NOTES23-24/ED/ClasesPracticas/ED_Kualqui/TDA_Imagen/codigo/estudiante/src/imageIO.cpp">
			<Option target="image"/>
		</Unit>
		<Unit filename="/home/alquitran/Documents/Clase/23-24/NOTES23-24/ED/ClasesPracticas/ED_Kualqui/TDA_Imagen/codigo/estudiante/src/imageop.cpp">
			<Option target="image"/>
		</Unit>
		<Unit filename="/home/alquitran/Documents/Clase/23-24/NOTES23-24/ED/ClasesPracticas/ED_Kualqui/TDA_Imagen/codigo/estudiante/src/negativo.cpp">
			<Option target="negativo"/>
		</Unit>
		<Unit filename="/home/alquitran/Documents/Clase/23-24/NOTES23-24/ED/ClasesPracticas/ED_Kualqui/TDA_Imagen/codigo/CMakeLists.txt">
			<Option virtualFolder="CMake Files\"/>
		</Unit>
		<Unit filename="/home/alquitran/Documents/Clase/23-24/NOTES23-24/ED/ClasesPracticas/ED_Kualqui/TDA_Imagen/codigo/Doxyfile.in">
			<Option virtualFolder="CMake Files\"/>
		</Unit>
	</Project>
</CodeBlocks_project_file>
